
Microsoft Visual Studio Solution File, Format Version 12.00
# Visual Studio 15
VisualStudioVersion = 15.0.28307.1300
MinimumVisualStudioVersion = 10.0.40219.1
Project("{FAE04EC0-301F-11D3-BF4B-00C04F79EFBC}") = "CollectionsDemo", "CollectionsDemo\CollectionsDemo.csproj", "{C54A2B53-6529-4BE3-BF52-3A4E6508020C}"
EndProject
Global
	GlobalSection(SolutionConfigurationPlatforms) = preSolution
		Debug|Any CPU = Debug|Any CPU
		Release|Any CPU = Release|Any CPU
	EndGlobalSection
	GlobalSection(ProjectConfigurationPlatforms) = postSolution
		{C54A2B53-6529-4BE3-BF52-3A4E6508020C}.Debug|Any CPU.ActiveCfg = Debug|Any CPU
		{C54A2B53-6529-4BE3-BF52-3A4E6508020C}.Debug|Any CPU.Build.0 = Debug|Any CPU
		{C54A2B53-6529-4BE3-BF52-3A4E6508020C}.Release|Any CPU.ActiveCfg = Release|Any CPU
		{C54A2B53-6529-4BE3-BF52-3A4E6508020C}.Release|Any CPU.Build.0 = Release|Any CPU
	EndGlobalSection
	GlobalSection(SolutionProperties) = preSolution
		HideSolutionNode = FALSE
	EndGlobalSection
	GlobalSection(ExtensibilityGlobals) = postSolution
		SolutionGuid = {ABBC9997-52D5-4E23-98E3-AF86F997E24C}
	EndGlobalSection
EndGlobal
